
Microsoft Visual Studio Solution File, Format Version 12.00
# Visual Studio 15
VisualStudioVersion = 15.0.27130.2027
MinimumVisualStudioVersion = 10.0.40219.1
Project("{FAE04EC0-301F-11D3-BF4B-00C04F79EFBC}") = "TableExport", "TableExport\TableExport.csproj", "{8E2822E5-ED6C-42B0-B448-CDACAA4EE693}"
EndProject
Global
	GlobalSection(SolutionConfigurationPlatforms) = preSolution
		Debug|Any CPU = Debug|Any CPU
		Release|Any CPU = Release|Any CPU
	EndGlobalSection
	GlobalSection(ProjectConfigurationPlatforms) = postSolution
		{8E2822E5-ED6C-42B0-B448-CDACAA4EE693}.Debug|Any CPU.ActiveCfg = Debug|Any CPU
		{8E2822E5-ED6C-42B0-B448-CDACAA4EE693}.Debug|Any CPU.Build.0 = Debug|Any CPU
		{8E2822E5-ED6C-42B0-B448-CDACAA4EE693}.Release|Any CPU.ActiveCfg = Release|Any CPU
		{8E2822E5-ED6C-42B0-B448-CDACAA4EE693}.Release|Any CPU.Build.0 = Release|Any CPU
	EndGlobalSection
	GlobalSection(SolutionProperties) = preSolution
		HideSolutionNode = FALSE
	EndGlobalSection
	GlobalSection(ExtensibilityGlobals) = postSolution
		SolutionGuid = {BA6CB273-36DC-465D-9E76-2483CFC8A2C3}
	EndGlobalSection
EndGlobal
