
Microsoft Visual Studio Solution File, Format Version 12.00
# Visual Studio 15
VisualStudioVersion = 15.0.27703.2047
MinimumVisualStudioVersion = 10.0.40219.1
Project("{FAE04EC0-301F-11D3-BF4B-00C04F79EFBC}") = "LogHelper", "LogHelper\LogHelper.csproj", "{CA5FF76C-B1E9-4BC7-A567-16C4F0BF5BE7}"
EndProject
Global
	GlobalSection(SolutionConfigurationPlatforms) = preSolution
		Debug|Any CPU = Debug|Any CPU
		Release|Any CPU = Release|Any CPU
	EndGlobalSection
	GlobalSection(ProjectConfigurationPlatforms) = postSolution
		{CA5FF76C-B1E9-4BC7-A567-16C4F0BF5BE7}.Debug|Any CPU.ActiveCfg = Debug|Any CPU
		{CA5FF76C-B1E9-4BC7-A567-16C4F0BF5BE7}.Debug|Any CPU.Build.0 = Debug|Any CPU
		{CA5FF76C-B1E9-4BC7-A567-16C4F0BF5BE7}.Release|Any CPU.ActiveCfg = Release|Any CPU
		{CA5FF76C-B1E9-4BC7-A567-16C4F0BF5BE7}.Release|Any CPU.Build.0 = Release|Any CPU
	EndGlobalSection
	GlobalSection(SolutionProperties) = preSolution
		HideSolutionNode = FALSE
	EndGlobalSection
	GlobalSection(ExtensibilityGlobals) = postSolution
		SolutionGuid = {8D1980E8-A3AE-402D-9636-105659F0BD21}
	EndGlobalSection
EndGlobal
